
Microsoft Visual Studio Solution File, Format Version 12.00
# Visual Studio Version 17
VisualStudioVersion = 17.13.35931.197 d17.13
MinimumVisualStudioVersion = 10.0.40219.1
Project("{FAE04EC0-301F-11D3-BF4B-00C04F79EFBC}") = "BlazorSignalRApp", "BlazorSignalRApp\BlazorSignalRApp.csproj", "{BF8C7ABB-13C9-4B29-A1AF-F8B1343C6F16}"
EndProject
Project("{FAE04EC0-301F-11D3-BF4B-00C04F79EFBC}") = "BlazorSignalRApp.Client", "BlazorSignalRApp.Client\BlazorSignalRApp.Client.csproj", "{7B492C49-2622-409A-80F7-2FD8D580C6C2}"
EndProject
Project("{FAE04EC0-301F-11D3-BF4B-00C04F79EFBC}") = "TestApi", "..\TestApi\TestApi.csproj", "{6084ADC2-13D1-433F-B282-A24CFB7AAB91}"
EndProject
Global
	GlobalSection(SolutionConfigurationPlatforms) = preSolution
		Debug|Any CPU = Debug|Any CPU
		Release|Any CPU = Release|Any CPU
	EndGlobalSection
	GlobalSection(ProjectConfigurationPlatforms) = postSolution
		{BF8C7ABB-13C9-4B29-A1AF-F8B1343C6F16}.Debug|Any CPU.ActiveCfg = Debug|Any CPU
		{BF8C7ABB-13C9-4B29-A1AF-F8B1343C6F16}.Debug|Any CPU.Build.0 = Debug|Any CPU
		{BF8C7ABB-13C9-4B29-A1AF-F8B1343C6F16}.Release|Any CPU.ActiveCfg = Release|Any CPU
		{BF8C7ABB-13C9-4B29-A1AF-F8B1343C6F16}.Release|Any CPU.Build.0 = Release|Any CPU
		{7B492C49-2622-409A-80F7-2FD8D580C6C2}.Debug|Any CPU.ActiveCfg = Debug|Any CPU
		{7B492C49-2622-409A-80F7-2FD8D580C6C2}.Debug|Any CPU.Build.0 = Debug|Any CPU
		{7B492C49-2622-409A-80F7-2FD8D580C6C2}.Release|Any CPU.ActiveCfg = Release|Any CPU
		{7B492C49-2622-409A-80F7-2FD8D580C6C2}.Release|Any CPU.Build.0 = Release|Any CPU
		{6084ADC2-13D1-433F-B282-A24CFB7AAB91}.Debug|Any CPU.ActiveCfg = Debug|Any CPU
		{6084ADC2-13D1-433F-B282-A24CFB7AAB91}.Debug|Any CPU.Build.0 = Debug|Any CPU
		{6084ADC2-13D1-433F-B282-A24CFB7AAB91}.Release|Any CPU.ActiveCfg = Release|Any CPU
		{6084ADC2-13D1-433F-B282-A24CFB7AAB91}.Release|Any CPU.Build.0 = Release|Any CPU
	EndGlobalSection
	GlobalSection(SolutionProperties) = preSolution
		HideSolutionNode = FALSE
	EndGlobalSection
	GlobalSection(ExtensibilityGlobals) = postSolution
		SolutionGuid = {D9E36F32-8807-4C9F-A78F-2373FE3735A4}
	EndGlobalSection
EndGlobal
